// !$*UTF8*$!
{
	archiveVersion = 1;
	classes = {
	};
	objectVersion = 77;
	objects = {

/* Begin PBXContainerItemProxy section */
		74C799272FAD4D37001941A1 /* PBXContainerItemProxy */ = {
			isa = PBXContainerItemProxy;
			containerPortal = 74C7990F2FAD4D35001941A1 /* Project object */;
			proxyType = 1;
			remoteGlobalIDString = 74C799162FAD4D35001941A1;
			remoteInfo = learnappios;
		};
		74C799312FAD4D37001941A1 /* PBXContainerItemProxy */ = {
			isa = PBXContainerItemProxy;
			containerPortal = 74C7990F2FAD4D35001941A1 /* Project object */;
			proxyType = 1;
			remoteGlobalIDString = 74C799162FAD4D35001941A1;
			remoteInfo = learnappios;
		};
/* End PBXContainerItemProxy section */

/* Begin PBXBuildFile section */
		686D9E813B034B468CD1B1C8 /* CoreData in Frameworks */ = {isa = PBXBuildFile; productRef = 43118CE9B2FA4A3FA6DE53E8 /* CoreData */; };
		B28709DDAE564BFEA7E3E67D /* FeatureSplash in Frameworks */ = {isa = PBXBuildFile; productRef = 6FD64718CD8947599D285124 /* FeatureSplash */; };
		200608BC97864D4CA8C8157D /* FeatureAuth in Frameworks */ = {isa = PBXBuildFile; productRef = E6339F56BE004209ABF6D726 /* FeatureAuth */; };
		D38F94278BA14851B807CD7B /* FeatureChildren in Frameworks */ = {isa = PBXBuildFile; productRef = FF4E299D63EF4BCF86FE2628 /* FeatureChildren */; };
		87DAAA56E0A643DD94143312 /* FeatureHome in Frameworks */ = {isa = PBXBuildFile; productRef = 45AFC57082BE4A5688D2C4CA /* FeatureHome */; };
/* End PBXBuildFile section */

/* Begin PBXFileReference section */
		74C799172FAD4D35001941A1 /* learnappios.app */ = {isa = PBXFileReference; explicitFileType = wrapper.application; includeInIndex = 0; path = learnappios.app; sourceTree = BUILT_PRODUCTS_DIR; };
		74C799262FAD4D37001941A1 /* learnappiosTests.xctest */ = {isa = PBXFileReference; explicitFileType = wrapper.cfbundle; includeInIndex = 0; path = learnappiosTests.xctest; sourceTree = BUILT_PRODUCTS_DIR; };
		74C799302FAD4D37001941A1 /* learnappiosUITests.xctest */ = {isa = PBXFileReference; explicitFileType = wrapper.cfbundle; includeInIndex = 0; path = learnappiosUITests.xctest; sourceTree = BUILT_PRODUCTS_DIR; };
/* End PBXFileReference section */

/* Begin PBXFileSystemSynchronizedRootGroup section */
		74C799192FAD4D35001941A1 /* learnappios */ = {
			isa = PBXFileSystemSynchronizedRootGroup;
			path = learnappios;
			sourceTree = "<group>";
		};
		74C799292FAD4D37001941A1 /* learnappiosTests */ = {
			isa = PBXFileSystemSynchronizedRootGroup;
			path = learnappiosTests;
			sourceTree = "<group>";
		};
		74C799332FAD4D37001941A1 /* learnappiosUITests */ = {
			isa = PBXFileSystemSynchronizedRootGroup;
			path = learnappiosUITests;
			sourceTree = "<group>";
		};
/* End PBXFileSystemSynchronizedRootGroup section */

/* Begin PBXFrameworksBuildPhase section */
		74C799142FAD4D35001941A1 /* Frameworks */ = {
			isa = PBXFrameworksBuildPhase;
			buildActionMask = 2147483647;
			files = (
				686D9E813B034B468CD1B1C8 /* CoreData in Frameworks */,
				B28709DDAE564BFEA7E3E67D /* FeatureSplash in Frameworks */,
				200608BC97864D4CA8C8157D /* FeatureAuth in Frameworks */,
				D38F94278BA14851B807CD7B /* FeatureChildren in Frameworks */,
				87DAAA56E0A643DD94143312 /* FeatureHome in Frameworks */,
			);
			runOnlyForDeploymentPostprocessing = 0;
		};
		74C799232FAD4D37001941A1 /* Frameworks */ = {
			isa = PBXFrameworksBuildPhase;
			buildActionMask = 2147483647;
			files = (
			);
			runOnlyForDeploymentPostprocessing = 0;
		};
		74C7992D2FAD4D37001941A1 /* Frameworks */ = {
			isa = PBXFrameworksBuildPhase;
			buildActionMask = 2147483647;
			files = (
			);
			runOnlyForDeploymentPostprocessing = 0;
		};
/* End PBXFrameworksBuildPhase section */

/* Begin PBXGroup section */
		74C7990E2FAD4D35001941A1 = {
			isa = PBXGroup;
			children = (
				74C799192FAD4D35001941A1 /* learnappios */,
				74C799292FAD4D37001941A1 /* learnappiosTests */,
				74C799332FAD4D37001941A1 /* learnappiosUITests */,
				74C799182FAD4D35001941A1 /* Products */,
			);
			sourceTree = "<group>";
		};
		74C799182FAD4D35001941A1 /* Products */ = {
			isa = PBXGroup;
			children = (
				74C799172FAD4D35001941A1 /* learnappios.app */,
				74C799262FAD4D37001941A1 /* learnappiosTests.xctest */,
				74C799302FAD4D37001941A1 /* learnappiosUITests.xctest */,
			);
			name = Products;
			sourceTree = "<group>";
		};
/* End PBXGroup section */

/* Begin PBXNativeTarget section */
		74C799162FAD4D35001941A1 /* learnappios */ = {
			isa = PBXNativeTarget;
			buildConfigurationList = 74C7993A2FAD4D37001941A1 /* Build configuration list for PBXNativeTarget "learnappios" */;
			buildPhases = (
				74C799132FAD4D35001941A1 /* Sources */,
				74C799142FAD4D35001941A1 /* Frameworks */,
				74C799152FAD4D35001941A1 /* Resources */,
			);
			buildRules = (
			);
			dependencies = (
			);
			fileSystemSynchronizedGroups = (
				74C799192FAD4D35001941A1 /* learnappios */,
			);
			name = learnappios;
			packageProductDependencies = (
				43118CE9B2FA4A3FA6DE53E8 /* CoreData */,
				6FD64718CD8947599D285124 /* FeatureSplash */,
				E6339F56BE004209ABF6D726 /* FeatureAuth */,
				FF4E299D63EF4BCF86FE2628 /* FeatureChildren */,
				45AFC57082BE4A5688D2C4CA /* FeatureHome */,
			);
			productName = learnappios;
			productReference = 74C799172FAD4D35001941A1 /* learnappios.app */;
			productType = "com.apple.product-type.application";
		};
		74C799252FAD4D37001941A1 /* learnappiosTests */ = {
			isa = PBXNativeTarget;
			buildConfigurationList = 74C7993D2FAD4D37001941A1 /* Build configuration list for PBXNativeTarget "learnappiosTests" */;
			buildPhases = (
				74C799222FAD4D37001941A1 /* Sources */,
				74C799232FAD4D37001941A1 /* Frameworks */,
				74C799242FAD4D37001941A1 /* Resources */,
			);
			buildRules = (
			);
			dependencies = (
				74C799282FAD4D37001941A1 /* PBXTargetDependency */,
			);
			fileSystemSynchronizedGroups = (
				74C799292FAD4D37001941A1 /* learnappiosTests */,
			);
			name = learnappiosTests;
			packageProductDependencies = (
			);
			productName = learnappiosTests;
			productReference = 74C799262FAD4D37001941A1 /* learnappiosTests.xctest */;
			productType = "com.apple.product-type.bundle.unit-test";
		};
		74C7992F2FAD4D37001941A1 /* learnappiosUITests */ = {
			isa = PBXNativeTarget;
			buildConfigurationList = 74C799402FAD4D37001941A1 /* Build configuration list for PBXNativeTarget "learnappiosUITests" */;
			buildPhases = (
				74C7992C2FAD4D37001941A1 /* Sources */,
				74C7992D2FAD4D37001941A1 /* Frameworks */,
				74C7992E2FAD4D37001941A1 /* Resources */,
			);
			buildRules = (
			);
			dependencies = (
				74C799322FAD4D37001941A1 /* PBXTargetDependency */,
			);
			fileSystemSynchronizedGroups = (
				74C799332FAD4D37001941A1 /* learnappiosUITests */,
			);
			name = learnappiosUITests;
			packageProductDependencies = (
			);
			productName = learnappiosUITests;
			productReference = 74C799302FAD4D37001941A1 /* learnappiosUITests.xctest */;
			productType = "com.apple.product-type.bundle.ui-testing";
		};
/* End PBXNativeTarget section */

/* Begin PBXProject section */
		74C7990F2FAD4D35001941A1 /* Project object */ = {
			isa = PBXProject;
			attributes = {
				BuildIndependentTargetsInParallel = 1;
				LastSwiftUpdateCheck = 2640;
				LastUpgradeCheck = 2640;
				TargetAttributes = {
					74C799162FAD4D35001941A1 = {
						CreatedOnToolsVersion = 26.4.1;
					};
					74C799252FAD4D37001941A1 = {
						CreatedOnToolsVersion = 26.4.1;
						TestTargetID = 74C799162FAD4D35001941A1;
					};
					74C7992F2FAD4D37001941A1 = {
						CreatedOnToolsVersion = 26.4.1;
						TestTargetID = 74C799162FAD4D35001941A1;
					};
				};
			};
			buildConfigurationList = 74C799122FAD4D35001941A1 /* Build configuration list for PBXProject "learnappios" */;
			developmentRegion = en;
			hasScannedForEncodings = 0;
			knownRegions = (
				en,
				Base,
			);
			mainGroup = 74C7990E2FAD4D35001941A1;
			minimizedProjectReferenceProxies = 1;
			packageReferences = (
				4DD990F9CB76481787FA6E63 /* XCLocalSwiftPackageReference "." */,
			);
			preferredProjectObjectVersion = 77;
			productRefGroup = 74C799182FAD4D35001941A1 /* Products */;
			projectDirPath = "";
			projectRoot = "";
			targets = (
				74C799162FAD4D35001941A1 /* learnappios */,
				74C799252FAD4D37001941A1 /* learnappiosTests */,
				74C7992F2FAD4D37001941A1 /* learnappiosUITests */,
			);
		};
/* End PBXProject section */

/* Begin PBXResourcesBuildPhase section */
		74C799152FAD4D35001941A1 /* Resources */ = {
			isa = PBXResourcesBuildPhase;
			buildActionMask = 2147483647;
			files = (
			);
			runOnlyForDeploymentPostprocessing = 0;
		};
		74C799242FAD4D37001941A1 /* Resources */ = {
			isa = PBXResourcesBuildPhase;
			buildActionMask = 2147483647;
			files = (
			);
			runOnlyForDeploymentPostprocessing = 0;
		};
		74C7992E2FAD4D37001941A1 /* Resources */ = {
			isa = PBXResourcesBuildPhase;
			buildActionMask = 2147483647;
			files = (
			);
			runOnlyForDeploymentPostprocessing = 0;
		};
/* End PBXResourcesBuildPhase section */

/* Begin PBXSourcesBuildPhase section */
		74C799132FAD4D35001941A1 /* Sources */ = {
			isa = PBXSourcesBuildPhase;
			buildActionMask = 2147483647;
			files = (
			);
			runOnlyForDeploymentPostprocessing = 0;
		};
		74C799222FAD4D37001941A1 /* Sources */ = {
			isa = PBXSourcesBuildPhase;
			buildActionMask = 2147483647;
			files = (
			);
			runOnlyForDeploymentPostprocessing = 0;
		};
		74C7992C2FAD4D37001941A1 /* Sources */ = {
			isa = PBXSourcesBuildPhase;
			buildActionMask = 2147483647;
			files = (
			);
			runOnlyForDeploymentPostprocessing = 0;
		};
/* End PBXSourcesBuildPhase section */

/* Begin PBXTargetDependency section */
		74C799282FAD4D37001941A1 /* PBXTargetDependency */ = {
			isa = PBXTargetDependency;
			target = 74C799162FAD4D35001941A1 /* learnappios */;
			targetProxy = 74C799272FAD4D37001941A1 /* PBXContainerItemProxy */;
		};
		74C799322FAD4D37001941A1 /* PBXTargetDependency */ = {
			isa = PBXTargetDependency;
			target = 74C799162FAD4D35001941A1 /* learnappios */;
			targetProxy = 74C799312FAD4D37001941A1 /* PBXContainerItemProxy */;
		};
/* End PBXTargetDependency section */

/* Begin XCBuildConfiguration section */
		74C799382FAD4D37001941A1 /* Debug */ = {
			isa = XCBuildConfiguration;
			buildSettings = {
				ALWAYS_SEARCH_USER_PATHS = NO;
				ASSETCATALOG_COMPILER_GENERATE_SWIFT_ASSET_SYMBOL_EXTENSIONS = YES;
				CLANG_ANALYZER_NONNULL = YES;
				CLANG_ANALYZER_NUMBER_OBJECT_CONVERSION = YES_AGGRESSIVE;
				CLANG_CXX_LANGUAGE_STANDARD = "gnu++20";
				CLANG_ENABLE_MODULES = YES;
				CLANG_ENABLE_OBJC_ARC = YES;
				CLANG_ENABLE_OBJC_WEAK = YES;
				CLANG_WARN_BLOCK_CAPTURE_AUTORELEASING = YES;
				CLANG_WARN_BOOL_CONVERSION = YES;
				CLANG_WARN_COMMA = YES;
				CLANG_WARN_CONSTANT_CONVERSION = YES;
				CLANG_WARN_DEPRECATED_OBJC_IMPLEMENTATIONS = YES;
				CLANG_WARN_DIRECT_OBJC_ISA_USAGE = YES_ERROR;
				CLANG_WARN_DOCUMENTATION_COMMENTS = YES;
				CLANG_WARN_EMPTY_BODY = YES;
				CLANG_WARN_ENUM_CONVERSION = YES;
				CLANG_WARN_INFINITE_RECURSION = YES;
				CLANG_WARN_INT_CONVERSION = YES;
				CLANG_WARN_NON_LITERAL_NULL_CONVERSION = YES;
				CLANG_WARN_OBJC_IMPLICIT_RETAIN_SELF = YES;
				CLANG_WARN_OBJC_LITERAL_CONVERSION = YES;
				CLANG_WARN_OBJC_ROOT_CLASS = YES_ERROR;
				CLANG_WARN_QUOTED_INCLUDE_IN_FRAMEWORK_HEADER = YES;
				CLANG_WARN_RANGE_LOOP_ANALYSIS = YES;
				CLANG_WARN_STRICT_PROTOTYPES = YES;
				CLANG_WARN_SUSPICIOUS_MOVE = YES;
				CLANG_WARN_UNGUARDED_AVAILABILITY = YES_AGGRESSIVE;
				CLANG_WARN_UNREACHABLE_CODE = YES;
				CLANG_WARN__DUPLICATE_METHOD_MATCH = YES;
				COPY_PHASE_STRIP = NO;
				DEBUG_INFORMATION_FORMAT = dwarf;
				DEVELOPMENT_TEAM = BG58B44488;
				ENABLE_STRICT_OBJC_MSGSEND = YES;
				ENABLE_TESTABILITY = YES;
				ENABLE_USER_SCRIPT_SANDBOXING = YES;
				GCC_C_LANGUAGE_STANDARD = gnu17;
				GCC_DYNAMIC_NO_PIC = NO;
				GCC_NO_COMMON_BLOCKS = YES;
				GCC_OPTIMIZATION_LEVEL = 0;
				GCC_PREPROCESSOR_DEFINITIONS = (
					"DEBUG=1",
					"$(inherited)",
				);
				GCC_WARN_64_TO_32_BIT_CONVERSION = YES;
				GCC_WARN_ABOUT_RETURN_TYPE = YES_ERROR;
				GCC_WARN_UNDECLARED_SELECTOR = YES;
				GCC_WARN_UNINITIALIZED_AUTOS = YES_AGGRESSIVE;
				GCC_WARN_UNUSED_FUNCTION = YES;
				GCC_WARN_UNUSED_VARIABLE = YES;
				IPHONEOS_DEPLOYMENT_TARGET = 26.4;
				LOCALIZATION_PREFERS_STRING_CATALOGS = YES;
				MTL_ENABLE_DEBUG_INFO = INCLUDE_SOURCE;
				MTL_FAST_MATH = YES;
				ONLY_ACTIVE_ARCH = YES;
				SDKROOT = iphoneos;
				SWIFT_ACTIVE_COMPILATION_CONDITIONS = "DEBUG $(inherited)";
				SWIFT_OPTIMIZATION_LEVEL = "-Onone";
			};
			name = Debug;
		};
		74C799392FAD4D37001941A1 /* Release */ = {
			isa = XCBuildConfiguration;
			buildSettings = {
				ALWAYS_SEARCH_USER_PATHS = NO;
				ASSETCATALOG_COMPILER_GENERATE_SWIFT_ASSET_SYMBOL_EXTENSIONS = YES;
				CLANG_ANALYZER_NONNULL = YES;
				CLANG_ANALYZER_NUMBER_OBJECT_CONVERSION = YES_AGGRESSIVE;
				CLANG_CXX_LANGUAGE_STANDARD = "gnu++20";
				CLANG_ENABLE_MODULES = YES;
				CLANG_ENABLE_OBJC_ARC = YES;
				CLANG_ENABLE_OBJC_WEAK = YES;
				CLANG_WARN_BLOCK_CAPTURE_AUTORELEASING = YES;
				CLANG_WARN_BOOL_CONVERSION = YES;
				CLANG_WARN_COMMA = YES;
				CLANG_WARN_CONSTANT_CONVERSION = YES;
				CLANG_WARN_DEPRECATED_OBJC_IMPLEMENTATIONS = YES;
				CLANG_WARN_DIRECT_OBJC_ISA_USAGE = YES_ERROR;
				CLANG_WARN_DOCUMENTATION_COMMENTS = YES;
				CLANG_WARN_EMPTY_BODY = YES;
				CLANG_WARN_ENUM_CONVERSION = YES;
				CLANG_WARN_INFINITE_RECURSION = YES;
				CLANG_WARN_INT_CONVERSION = YES;
				CLANG_WARN_NON_LITERAL_NULL_CONVERSION = YES;
				CLANG_WARN_OBJC_IMPLICIT_RETAIN_SELF = YES;
				CLANG_WARN_OBJC_LITERAL_CONVERSION = YES;
				CLANG_WARN_OBJC_ROOT_CLASS = YES_ERROR;
				CLANG_WARN_QUOTED_INCLUDE_IN_FRAMEWORK_HEADER = YES;
				CLANG_WARN_RANGE_LOOP_ANALYSIS = YES;
				CLANG_WARN_STRICT_PROTOTYPES = YES;
				CLANG_WARN_SUSPICIOUS_MOVE = YES;
				CLANG_WARN_UNGUARDED_AVAILABILITY = YES_AGGRESSIVE;
				CLANG_WARN_UNREACHABLE_CODE = YES;
				CLANG_WARN__DUPLICATE_METHOD_MATCH = YES;
				COPY_PHASE_STRIP = NO;
				DEBUG_INFORMATION_FORMAT = "dwarf-with-dsym";
				DEVELOPMENT_TEAM = BG58B44488;
				ENABLE_NS_ASSERTIONS = NO;
				ENABLE_STRICT_OBJC_MSGSEND = YES;
				ENABLE_USER_SCRIPT_SANDBOXING = YES;
				GCC_C_LANGUAGE_STANDARD = gnu17;
				GCC_NO_COMMON_BLOCKS = YES;
				GCC_WARN_64_TO_32_BIT_CONVERSION = YES;
				GCC_WARN_ABOUT_RETURN_TYPE = YES_ERROR;
				GCC_WARN_UNDECLARED_SELECTOR = YES;
				GCC_WARN_UNINITIALIZED_AUTOS = YES_AGGRESSIVE;
				GCC_WARN_UNUSED_FUNCTION = YES;
				GCC_WARN_UNUSED_VARIABLE = YES;
				IPHONEOS_DEPLOYMENT_TARGET = 26.4;
				LOCALIZATION_PREFERS_STRING_CATALOGS = YES;
				MTL_ENABLE_DEBUG_INFO = NO;
				MTL_FAST_MATH = YES;
				SDKROOT = iphoneos;
				SWIFT_COMPILATION_MODE = wholemodule;
				VALIDATE_PRODUCT = YES;
			};
			name = Release;
		};
		74C7993B2FAD4D37001941A1 /* Debug */ = {
			isa = XCBuildConfiguration;
			buildSettings = {
				ASSETCATALOG_COMPILER_APPICON_NAME = AppIcon;
				ASSETCATALOG_COMPILER_GLOBAL_ACCENT_COLOR_NAME = AccentColor;
				CODE_SIGN_STYLE = Automatic;
				CURRENT_PROJECT_VERSION = 1;
				DEVELOPMENT_TEAM = BG58B44488;
				ENABLE_PREVIEWS = YES;
				GENERATE_INFOPLIST_FILE = YES;
				INFOPLIST_KEY_UIApplicationSceneManifest_Generation = YES;
				INFOPLIST_KEY_UIApplicationSupportsIndirectInputEvents = YES;
				INFOPLIST_KEY_UILaunchScreen_Generation = YES;
				INFOPLIST_KEY_UISupportedInterfaceOrientations_iPad = "UIInterfaceOrientationPortrait UIInterfaceOrientationPortraitUpsideDown UIInterfaceOrientationLandscapeLeft UIInterfaceOrientationLandscapeRight";
				INFOPLIST_KEY_UISupportedInterfaceOrientations_iPhone = "UIInterfaceOrientationPortrait UIInterfaceOrientationLandscapeLeft UIInterfaceOrientationLandscapeRight";
				LD_RUNPATH_SEARCH_PATHS = (
					"$(inherited)",
					"@executable_path/Frameworks",
				);
				MARKETING_VERSION = 1.0;
				PRODUCT_BUNDLE_IDENTIFIER = jp.yanheng.learnappios;
				PRODUCT_NAME = "$(TARGET_NAME)";
				STRING_CATALOG_GENERATE_SYMBOLS = YES;
				SWIFT_APPROACHABLE_CONCURRENCY = YES;
				SWIFT_DEFAULT_ACTOR_ISOLATION = MainActor;
				SWIFT_EMIT_LOC_STRINGS = YES;
				SWIFT_UPCOMING_FEATURE_MEMBER_IMPORT_VISIBILITY = YES;
				SWIFT_VERSION = 5.0;
				TARGETED_DEVICE_FAMILY = "1,2";
			};
			name = Debug;
		};
		74C7993C2FAD4D37001941A1 /* Release */ = {
			isa = XCBuildConfiguration;
			buildSettings = {
				ASSETCATALOG_COMPILER_APPICON_NAME = AppIcon;
				ASSETCATALOG_COMPILER_GLOBAL_ACCENT_COLOR_NAME = AccentColor;
				CODE_SIGN_STYLE = Automatic;
				CURRENT_PROJECT_VERSION = 1;
				DEVELOPMENT_TEAM = BG58B44488;
				ENABLE_PREVIEWS = YES;
				GENERATE_INFOPLIST_FILE = YES;
				INFOPLIST_KEY_UIApplicationSceneManifest_Generation = YES;
				INFOPLIST_KEY_UIApplicationSupportsIndirectInputEvents = YES;
				INFOPLIST_KEY_UILaunchScreen_Generation = YES;
				INFOPLIST_KEY_UISupportedInterfaceOrientations_iPad = "UIInterfaceOrientationPortrait UIInterfaceOrientationPortraitUpsideDown UIInterfaceOrientationLandscapeLeft UIInterfaceOrientationLandscapeRight";
				INFOPLIST_KEY_UISupportedInterfaceOrientations_iPhone = "UIInterfaceOrientationPortrait UIInterfaceOrientationLandscapeLeft UIInterfaceOrientationLandscapeRight";
				LD_RUNPATH_SEARCH_PATHS = (
					"$(inherited)",
					"@executable_path/Frameworks",
				);
				MARKETING_VERSION = 1.0;
				PRODUCT_BUNDLE_IDENTIFIER = jp.yanheng.learnappios;
				PRODUCT_NAME = "$(TARGET_NAME)";
				STRING_CATALOG_GENERATE_SYMBOLS = YES;
				SWIFT_APPROACHABLE_CONCURRENCY = YES;
				SWIFT_DEFAULT_ACTOR_ISOLATION = MainActor;
				SWIFT_EMIT_LOC_STRINGS = YES;
				SWIFT_UPCOMING_FEATURE_MEMBER_IMPORT_VISIBILITY = YES;
				SWIFT_VERSION = 5.0;
				TARGETED_DEVICE_FAMILY = "1,2";
			};
			name = Release;
		};
		74C7993E2FAD4D37001941A1 /* Debug */ = {
			isa = XCBuildConfiguration;
			buildSettings = {
				BUNDLE_LOADER = "$(TEST_HOST)";
				CODE_SIGN_STYLE = Automatic;
				CURRENT_PROJECT_VERSION = 1;
				DEVELOPMENT_TEAM = BG58B44488;
				GENERATE_INFOPLIST_FILE = YES;
				IPHONEOS_DEPLOYMENT_TARGET = 26.4;
				MARKETING_VERSION = 1.0;
				PRODUCT_BUNDLE_IDENTIFIER = jp.yanheng.learnappiosTests;
				PRODUCT_NAME = "$(TARGET_NAME)";
				STRING_CATALOG_GENERATE_SYMBOLS = NO;
				SWIFT_APPROACHABLE_CONCURRENCY = YES;
				SWIFT_EMIT_LOC_STRINGS = NO;
				SWIFT_UPCOMING_FEATURE_MEMBER_IMPORT_VISIBILITY = YES;
				SWIFT_VERSION = 5.0;
				TARGETED_DEVICE_FAMILY = "1,2";
				TEST_HOST = "$(BUILT_PRODUCTS_DIR)/learnappios.app/$(BUNDLE_EXECUTABLE_FOLDER_PATH)/learnappios";
			};
			name = Debug;
		};
		74C7993F2FAD4D37001941A1 /* Release */ = {
			isa = XCBuildConfiguration;
			buildSettings = {
				BUNDLE_LOADER = "$(TEST_HOST)";
				CODE_SIGN_STYLE = Automatic;
				CURRENT_PROJECT_VERSION = 1;
				DEVELOPMENT_TEAM = BG58B44488;
				GENERATE_INFOPLIST_FILE = YES;
				IPHONEOS_DEPLOYMENT_TARGET = 26.4;
				MARKETING_VERSION = 1.0;
				PRODUCT_BUNDLE_IDENTIFIER = jp.yanheng.learnappiosTests;
				PRODUCT_NAME = "$(TARGET_NAME)";
				STRING_CATALOG_GENERATE_SYMBOLS = NO;
				SWIFT_APPROACHABLE_CONCURRENCY = YES;
				SWIFT_EMIT_LOC_STRINGS = NO;
				SWIFT_UPCOMING_FEATURE_MEMBER_IMPORT_VISIBILITY = YES;
				SWIFT_VERSION = 5.0;
				TARGETED_DEVICE_FAMILY = "1,2";
				TEST_HOST = "$(BUILT_PRODUCTS_DIR)/learnappios.app/$(BUNDLE_EXECUTABLE_FOLDER_PATH)/learnappios";
			};
			name = Release;
		};
		74C799412FAD4D37001941A1 /* Debug */ = {
			isa = XCBuildConfiguration;
			buildSettings = {
				CODE_SIGN_STYLE = Automatic;
				CURRENT_PROJECT_VERSION = 1;
				DEVELOPMENT_TEAM = BG58B44488;
				GENERATE_INFOPLIST_FILE = YES;
				MARKETING_VERSION = 1.0;
				PRODUCT_BUNDLE_IDENTIFIER = jp.yanheng.learnappiosUITests;
				PRODUCT_NAME = "$(TARGET_NAME)";
				STRING_CATALOG_GENERATE_SYMBOLS = NO;
				SWIFT_APPROACHABLE_CONCURRENCY = YES;
				SWIFT_EMIT_LOC_STRINGS = NO;
				SWIFT_UPCOMING_FEATURE_MEMBER_IMPORT_VISIBILITY = YES;
				SWIFT_VERSION = 5.0;
				TARGETED_DEVICE_FAMILY = "1,2";
				TEST_TARGET_NAME = learnappios;
			};
			name = Debug;
		};
		74C799422FAD4D37001941A1 /* Release */ = {
			isa = XCBuildConfiguration;
			buildSettings = {
				CODE_SIGN_STYLE = Automatic;
				CURRENT_PROJECT_VERSION = 1;
				DEVELOPMENT_TEAM = BG58B44488;
				GENERATE_INFOPLIST_FILE = YES;
				MARKETING_VERSION = 1.0;
				PRODUCT_BUNDLE_IDENTIFIER = jp.yanheng.learnappiosUITests;
				PRODUCT_NAME = "$(TARGET_NAME)";
				STRING_CATALOG_GENERATE_SYMBOLS = NO;
				SWIFT_APPROACHABLE_CONCURRENCY = YES;
				SWIFT_EMIT_LOC_STRINGS = NO;
				SWIFT_UPCOMING_FEATURE_MEMBER_IMPORT_VISIBILITY = YES;
				SWIFT_VERSION = 5.0;
				TARGETED_DEVICE_FAMILY = "1,2";
				TEST_TARGET_NAME = learnappios;
			};
			name = Release;
		};
/* End XCBuildConfiguration section */

/* Begin XCConfigurationList section */
		74C799122FAD4D35001941A1 /* Build configuration list for PBXProject "learnappios" */ = {
			isa = XCConfigurationList;
			buildConfigurations = (
				74C799382FAD4D37001941A1 /* Debug */,
				74C799392FAD4D37001941A1 /* Release */,
			);
			defaultConfigurationIsVisible = 0;
			defaultConfigurationName = Release;
		};
		74C7993A2FAD4D37001941A1 /* Build configuration list for PBXNativeTarget "learnappios" */ = {
			isa = XCConfigurationList;
			buildConfigurations = (
				74C7993B2FAD4D37001941A1 /* Debug */,
				74C7993C2FAD4D37001941A1 /* Release */,
			);
			defaultConfigurationIsVisible = 0;
			defaultConfigurationName = Release;
		};
		74C7993D2FAD4D37001941A1 /* Build configuration list for PBXNativeTarget "learnappiosTests" */ = {
			isa = XCConfigurationList;
			buildConfigurations = (
				74C7993E2FAD4D37001941A1 /* Debug */,
				74C7993F2FAD4D37001941A1 /* Release */,
			);
			defaultConfigurationIsVisible = 0;
			defaultConfigurationName = Release;
		};
		74C799402FAD4D37001941A1 /* Build configuration list for PBXNativeTarget "learnappiosUITests" */ = {
			isa = XCConfigurationList;
			buildConfigurations = (
				74C799412FAD4D37001941A1 /* Debug */,
				74C799422FAD4D37001941A1 /* Release */,
			);
			defaultConfigurationIsVisible = 0;
			defaultConfigurationName = Release;
		};
/* End XCConfigurationList section */

/* Begin XCLocalSwiftPackageReference section */
		4DD990F9CB76481787FA6E63 /* XCLocalSwiftPackageReference "." */ = {
			isa = XCLocalSwiftPackageReference;
			relativePath = ".";
		};
/* End XCLocalSwiftPackageReference section */

/* Begin XCSwiftPackageProductDependency section */
		43118CE9B2FA4A3FA6DE53E8 /* CoreData */ = {
			isa = XCSwiftPackageProductDependency;
			package = 4DD990F9CB76481787FA6E63 /* XCLocalSwiftPackageReference "." */;
			productName = CoreData;
		};
		6FD64718CD8947599D285124 /* FeatureSplash */ = {
			isa = XCSwiftPackageProductDependency;
			package = 4DD990F9CB76481787FA6E63 /* XCLocalSwiftPackageReference "." */;
			productName = FeatureSplash;
		};
		E6339F56BE004209ABF6D726 /* FeatureAuth */ = {
			isa = XCSwiftPackageProductDependency;
			package = 4DD990F9CB76481787FA6E63 /* XCLocalSwiftPackageReference "." */;
			productName = FeatureAuth;
		};
		FF4E299D63EF4BCF86FE2628 /* FeatureChildren */ = {
			isa = XCSwiftPackageProductDependency;
			package = 4DD990F9CB76481787FA6E63 /* XCLocalSwiftPackageReference "." */;
			productName = FeatureChildren;
		};
		45AFC57082BE4A5688D2C4CA /* FeatureHome */ = {
			isa = XCSwiftPackageProductDependency;
			package = 4DD990F9CB76481787FA6E63 /* XCLocalSwiftPackageReference "." */;
			productName = FeatureHome;
		};
/* End XCSwiftPackageProductDependency section */
	};
	rootObject = 74C7990F2FAD4D35001941A1 /* Project object */;
}
